
Microsoft Visual Studio Solution File, Format Version 12.00
# Visual Studio Version 17
VisualStudioVersion = 17.0.31919.166
MinimumVisualStudioVersion = 10.0.40219.1
Project("{FAE04EC0-301F-11D3-BF4B-00C04F79EFBC}") = "Autohaendler", "Autohaendler\Autohaendler.csproj", "{874EFC18-8EF9-4FE8-9962-C01B9B70978D}"
EndProject
Global
	GlobalSection(SolutionConfigurationPlatforms) = preSolution
		Debug|Any CPU = Debug|Any CPU
		Release|Any CPU = Release|Any CPU
	EndGlobalSection
	GlobalSection(ProjectConfigurationPlatforms) = postSolution
		{874EFC18-8EF9-4FE8-9962-C01B9B70978D}.Debug|Any CPU.ActiveCfg = Debug|Any CPU
		{874EFC18-8EF9-4FE8-9962-C01B9B70978D}.Debug|Any CPU.Build.0 = Debug|Any CPU
		{874EFC18-8EF9-4FE8-9962-C01B9B70978D}.Release|Any CPU.ActiveCfg = Release|Any CPU
		{874EFC18-8EF9-4FE8-9962-C01B9B70978D}.Release|Any CPU.Build.0 = Release|Any CPU
	EndGlobalSection
	GlobalSection(SolutionProperties) = preSolution
		HideSolutionNode = FALSE
	EndGlobalSection
	GlobalSection(ExtensibilityGlobals) = postSolution
		SolutionGuid = {C056E2D9-A8BD-4CAA-A1E6-C097D1EF9EF0}
	EndGlobalSection
EndGlobal
